# THIS IS AN AUTOGENERATED FILE. DO NOT EDIT THIS FILE DIRECTLY.
# yarn lockfile v1


vue@^2.5.16:
  version "2.5.16"
  resolved "https://registry.yarnpkg.com/vue/-/vue-2.5.16.tgz#07edb75e8412aaeed871ebafa99f4672584a0085"

vuetify@1.3.11:
  version "1.3.11"
  resolved "https://registry.yarnpkg.com/vuetify/-/vuetify-1.3.11.tgz#8be51f752a821704bb7fe0b7ac1f9324b902e52a"
  integrity sha512-K9RS3DaREv9KCX6CqaO5owMltN8V++z9ReyPWnZdq8aokNCu9oDh7cZ3yqkkaoymy9kH89mtjhEu8ybLm6QCsg==
