# THIS IS AN AUTOGENERATED FILE. DO NOT EDIT THIS FILE DIRECTLY.
# yarn lockfile v1


vue@^2.5.16:
  version "2.5.16"
  resolved "https://registry.yarnpkg.com/vue/-/vue-2.5.16.tgz#07edb75e8412aaeed871ebafa99f4672584a0085"

vuetify@1.0.19:
  version "1.0.19"
  resolved "https://registry.yarnpkg.com/vuetify/-/vuetify-1.0.19.tgz#fb6d123dd1c217795fc2333e912c0ecbed2ed69e"
